{
    "_readme": [
        "This file locks the dependencies of your project to a known state",
        "Read more about it at https://getcomposer.org/doc/01-basic-usage.md#composer-lock-the-lock-file",
        "This file is @generated automatically"
    ],
    "content-hash": "011c178c34074878c032f6b3f01db8b1",
    "packages": [
        {
            "name": "easyrdf/easyrdf",
            "version": "1.1.1",
            "source": {
                "type": "git",
                "url": "https://github.com/easyrdf/easyrdf.git",
                "reference": "c7b0a9dbcb211eb7de03ee99ff5b52d17f2a8e64"
            },
            "dist": {
                "type": "zip",
                "url": "https://api.github.com/repos/easyrdf/easyrdf/zipball/c7b0a9dbcb211eb7de03ee99ff5b52d17f2a8e64",
                "reference": "c7b0a9dbcb211eb7de03ee99ff5b52d17f2a8e64",
                "shasum": ""
            },
            "require": {
                "ext-dom": "*",
                "ext-mbstring": "*",
                "ext-pcre": "*",
                "ext-xmlreader": "*",
                "lib-libxml": "*",
                "php": ">=7.1.0"
            },
            "require-dev": {
                "code-lts/doctum": "^5",
                "ml/json-ld": "~1.0",
                "phpunit/phpunit": "^7",
                "semsol/arc2": "^2.4",
                "squizlabs/php_codesniffer": "3.*",
                "zendframework/zend-http": "~2.3"
            },
            "suggest": {
                "ml/json-ld": "~1.0",
                "semsol/arc2": "~2.2"
            },
            "type": "library",
            "autoload": {
                "psr-4": {
                    "EasyRdf\\": "lib"
                }
            },
            "notification-url": "https://packagist.org/downloads/",
            "license": [
                "BSD-3-Clause"
            ],
            "authors": [
                {
                    "name": "Nicholas Humfrey",
                    "email": "njh@aelius.com",
                    "homepage": "http://www.aelius.com/njh/",
                    "role": "Developer"
                },
                {
                    "name": "Alexey Zakhlestin",
                    "email": "indeyets@gmail.com",
                    "homepage": "http://indeyets.ru/",
                    "role": "Developer"
                }
            ],
            "description": "EasyRdf is a PHP library designed to make it easy to consume and produce RDF.",
            "homepage": "http://www.easyrdf.org/",
            "keywords": [
                "Linked Data",
                "RDF",
                "Semantic Web",
                "Turtle",
                "rdfa",
                "sparql"
            ],
            "time": "2020-12-02T08:47:31+00:00"
        },
        {
            "name": "endyjasmi/cuid",
            "version": "2.1.0",
            "source": {
                "type": "git",
                "url": "https://github.com/endyjasmi/cuid.git",
                "reference": "a425a1071cb07bafc9355e85dd288b5b5d1245f5"
            },
            "dist": {
                "type": "zip",
                "url": "https://api.github.com/repos/endyjasmi/cuid/zipball/a425a1071cb07bafc9355e85dd288b5b5d1245f5",
                "reference": "a425a1071cb07bafc9355e85dd288b5b5d1245f5",
                "shasum": ""
            },
            "require": {
                "php": ">= 5.4"
            },
            "require-dev": {
                "phpunit/phpunit": "4.*",
                "satooshi/php-coveralls": "0.*",
                "squizlabs/php_codesniffer": "1.*"
            },
            "type": "library",
            "autoload": {
                "psr-4": {
                    "EndyJasmi\\": "src/"
                }
            },
            "notification-url": "https://packagist.org/downloads/",
            "license": [
                "MIT"
            ],
            "authors": [
                {
                    "name": "Endy Jasmi",
                    "email": "endyjasmi@gmail.com",
                    "role": "Developer"
                }
            ],
            "description": "Cuid php port",
            "keywords": [
                "UID",
                "cuid",
                "guid",
                "id",
                "uuid"
            ],
            "time": "2020-01-02T02:46:25+00:00"
        },
        {
            "name": "ml/iri",
            "version": "1.1.4",
            "target-dir": "ML/IRI",
            "source": {
                "type": "git",
                "url": "https://github.com/lanthaler/IRI.git",
                "reference": "cbd44fa913e00ea624241b38cefaa99da8d71341"
            },
            "dist": {
                "type": "zip",
                "url": "https://api.github.com/repos/lanthaler/IRI/zipball/cbd44fa913e00ea624241b38cefaa99da8d71341",
                "reference": "cbd44fa913e00ea624241b38cefaa99da8d71341",
                "shasum": ""
            },
            "require": {
                "lib-pcre": ">=4.0",
                "php": ">=5.3.0"
            },
            "type": "library",
            "autoload": {
                "psr-0": {
                    "ML\\IRI": ""
                }
            },
            "notification-url": "https://packagist.org/downloads/",
            "license": [
                "MIT"
            ],
            "authors": [
                {
                    "name": "Markus Lanthaler",
                    "email": "mail@markus-lanthaler.com",
                    "homepage": "http://www.markus-lanthaler.com",
                    "role": "Developer"
                }
            ],
            "description": "IRI handling for PHP",
            "homepage": "http://www.markus-lanthaler.com",
            "keywords": [
                "URN",
                "iri",
                "uri",
                "url"
            ],
            "time": "2014-01-21T13:43:39+00:00"
        },
        {
            "name": "ml/json-ld",
            "version": "1.2.0",
            "source": {
                "type": "git",
                "url": "https://github.com/lanthaler/JsonLD.git",
                "reference": "c74a1aed5979ed1cfb1be35a55a305fd30e30b93"
            },
            "dist": {
                "type": "zip",
                "url": "https://api.github.com/repos/lanthaler/JsonLD/zipball/c74a1aed5979ed1cfb1be35a55a305fd30e30b93",
                "reference": "c74a1aed5979ed1cfb1be35a55a305fd30e30b93",
                "shasum": ""
            },
            "require": {
                "ext-json": "*",
                "ml/iri": "^1.1.1",
                "php": ">=5.3.0"
            },
            "require-dev": {
                "json-ld/tests": "1.0",
                "phpunit/phpunit": "^4"
            },
            "type": "library",
            "autoload": {
                "psr-4": {
                    "ML\\JsonLD\\": ""
                }
            },
            "notification-url": "https://packagist.org/downloads/",
            "license": [
                "MIT"
            ],
            "authors": [
                {
                    "name": "Markus Lanthaler",
                    "email": "mail@markus-lanthaler.com",
                    "homepage": "http://www.markus-lanthaler.com",
                    "role": "Developer"
                }
            ],
            "description": "JSON-LD Processor for PHP",
            "homepage": "http://www.markus-lanthaler.com",
            "keywords": [
                "JSON-LD",
                "jsonld"
            ],
            "time": "2020-06-16T17:45:06+00:00"
        },
        {
            "name": "symfony/polyfill-ctype",
            "version": "v1.25.0",
            "source": {
                "type": "git",
                "url": "https://github.com/symfony/polyfill-ctype.git",
                "reference": "30885182c981ab175d4d034db0f6f469898070ab"
            },
            "dist": {
                "type": "zip",
                "url": "https://api.github.com/repos/symfony/polyfill-ctype/zipball/30885182c981ab175d4d034db0f6f469898070ab",
                "reference": "30885182c981ab175d4d034db0f6f469898070ab",
                "shasum": ""
            },
            "require": {
                "php": ">=7.1"
            },
            "provide": {
                "ext-ctype": "*"
            },
            "suggest": {
                "ext-ctype": "For best performance"
            },
            "type": "library",
            "extra": {
                "branch-alias": {
                    "dev-main": "1.23-dev"
                },
                "thanks": {
                    "name": "symfony/polyfill",
                    "url": "https://github.com/symfony/polyfill"
                }
            },
            "autoload": {
                "files": [
                    "bootstrap.php"
                ],
                "psr-4": {
                    "Symfony\\Polyfill\\Ctype\\": ""
                }
            },
            "notification-url": "https://packagist.org/downloads/",
            "license": [
                "MIT"
            ],
            "authors": [
                {
                    "name": "Gert de Pagter",
                    "email": "BackEndTea@gmail.com"
                },
                {
                    "name": "Symfony Community",
                    "homepage": "https://symfony.com/contributors"
                }
            ],
            "description": "Symfony polyfill for ctype functions",
            "homepage": "https://symfony.com",
            "keywords": [
                "compatibility",
                "ctype",
                "polyfill",
                "portable"
            ],
            "time": "2021-10-20T20:35:02+00:00"
        },
        {
            "name": "symfony/yaml",
            "version": "v4.4.37",
            "source": {
                "type": "git",
                "url": "https://github.com/symfony/yaml.git",
                "reference": "d7f637cc0f0cc14beb0984f2bb50da560b271311"
            },
            "dist": {
                "type": "zip",
                "url": "https://api.github.com/repos/symfony/yaml/zipball/d7f637cc0f0cc14beb0984f2bb50da560b271311",
                "reference": "d7f637cc0f0cc14beb0984f2bb50da560b271311",
                "shasum": ""
            },
            "require": {
                "php": ">=7.1.3",
                "symfony/polyfill-ctype": "~1.8"
            },
            "conflict": {
                "symfony/console": "<3.4"
            },
            "require-dev": {
                "symfony/console": "^3.4|^4.0|^5.0"
            },
            "suggest": {
                "symfony/console": "For validating YAML files using the lint command"
            },
            "type": "library",
            "autoload": {
                "psr-4": {
                    "Symfony\\Component\\Yaml\\": ""
                },
                "exclude-from-classmap": [
                    "/Tests/"
                ]
            },
            "notification-url": "https://packagist.org/downloads/",
            "license": [
                "MIT"
            ],
            "authors": [
                {
                    "name": "Fabien Potencier",
                    "email": "fabien@symfony.com"
                },
                {
                    "name": "Symfony Community",
                    "homepage": "https://symfony.com/contributors"
                }
            ],
            "description": "Loads and dumps YAML files",
            "homepage": "https://symfony.com",
            "time": "2022-01-24T20:11:01+00:00"
        },
        {
            "name": "webonyx/graphql-php",
            "version": "v14.11.6",
            "source": {
                "type": "git",
                "url": "https://github.com/webonyx/graphql-php.git",
                "reference": "6070542725b61fc7d0654a8a9855303e5e157434"
            },
            "dist": {
                "type": "zip",
                "url": "https://api.github.com/repos/webonyx/graphql-php/zipball/6070542725b61fc7d0654a8a9855303e5e157434",
                "reference": "6070542725b61fc7d0654a8a9855303e5e157434",
                "shasum": ""
            },
            "require": {
                "ext-json": "*",
                "ext-mbstring": "*",
                "php": "^7.1 || ^8"
            },
            "require-dev": {
                "amphp/amp": "^2.3",
                "doctrine/coding-standard": "^6.0",
                "nyholm/psr7": "^1.2",
                "phpbench/phpbench": "^1.2",
                "phpstan/extension-installer": "^1.0",
                "phpstan/phpstan": "0.12.82",
                "phpstan/phpstan-phpunit": "0.12.18",
                "phpstan/phpstan-strict-rules": "0.12.9",
                "phpunit/phpunit": "^7.2 || ^8.5",
                "psr/http-message": "^1.0",
                "react/promise": "2.*",
                "simpod/php-coveralls-mirror": "^3.0",
                "squizlabs/php_codesniffer": "3.5.4"
            },
            "suggest": {
                "psr/http-message": "To use standard GraphQL server",
                "react/promise": "To leverage async resolving on React PHP platform"
            },
            "type": "library",
            "autoload": {
                "psr-4": {
                    "GraphQL\\": "src/"
                }
            },
            "notification-url": "https://packagist.org/downloads/",
            "license": [
                "MIT"
            ],
            "description": "A PHP port of GraphQL reference implementation",
            "homepage": "https://github.com/webonyx/graphql-php",
            "keywords": [
                "api",
                "graphql"
            ],
            "time": "2022-04-13T16:25:32+00:00"
        }
    ],
    "packages-dev": [],
    "aliases": [],
    "minimum-stability": "stable",
    "stability-flags": [],
    "prefer-stable": false,
    "prefer-lowest": false,
    "platform": {
        "ext-mbstring": "*"
    },
    "platform-dev": []
}
